<?xml version="1.0" encoding="utf-8"?>
<Project ToolsVersion="17.0" xmlns="http://schemas.microsoft.com/developer/msbuild/2003">
  <ItemGroup>
    <ClCompile Include="C:\Users\Виктория\Desktop\mp2-2024-lab5-tables\src\polynomial.cpp">
      <Filter>Source Files</Filter>
    </ClCompile>
    <ClCompile Include="C:\Users\Виктория\Desktop\mp2-2024-lab5-tables\test\test_main.cpp">
      <Filter>Source Files</Filter>
    </ClCompile>
    <ClCompile Include="test_arrayTable.cpp" />
    <ClCompile Include="test_binaryTreeTable.cpp" />
    <ClCompile Include="test_hashTable.cpp" />
    <ClCompile Include="test_sortedArrayTable.cpp" />
    <ClCompile Include="..\src\sortedArrayTable.cpp">
      <Filter>Source Files</Filter>
    </ClCompile>
    <ClCompile Include="..\src\arrayTable.cpp">
      <Filter>Source Files</Filter>
    </ClCompile>
    <ClCompile Include="..\src\hashTable.cpp">
      <Filter>Source Files</Filter>
    </ClCompile>
    <ClCompile Include="..\src\binaryTreeTable.cpp">
      <Filter>Source Files</Filter>
    </ClCompile>
  </ItemGroup>
  <ItemGroup>
    <CustomBuild Include="C:\Users\Виктория\Desktop\mp2-2024-lab5-tables\test\CMakeLists.txt" />
  </ItemGroup>
  <ItemGroup>
    <Filter Include="Source Files">
      <UniqueIdentifier>{4180AFAF-7666-37DF-A922-BCF380830123}</UniqueIdentifier>
    </Filter>
  </ItemGroup>
</Project>