<?xml version="1.0" encoding="utf-8"?>
<Project ToolsVersion="17.0" xmlns="http://schemas.microsoft.com/developer/msbuild/2003">
  <ItemGroup>
    <ClCompile Include="C:\Users\Виктория\Desktop\mp2-2024-lab5-tables\src\polynomial.cpp">
      <Filter>Source Files</Filter>
    </ClCompile>
    <ClCompile Include="C:\Users\Виктория\Desktop\mp2-2024-lab5-tables\samples\main.cpp">
      <Filter>Source Files</Filter>
    </ClCompile>
    <ClCompile Include="..\src\sortedArrayTable.cpp">
      <Filter>Source Files</Filter>
    </ClCompile>
    <ClCompile Include="..\src\arrayTable.cpp">
      <Filter>Source Files</Filter>
    </ClCompile>
    <ClCompile Include="..\src\hashTable.cpp">
      <Filter>Source Files</Filter>
    </ClCompile>
    <ClCompile Include="..\src\binaryTreeTable.cpp">
      <Filter>Source Files</Filter>
    </ClCompile>
  </ItemGroup>
  <ItemGroup>
    <ClInclude Include="C:\Users\Виктория\Desktop\mp2-2024-lab5-tables\include\monomial.h">
      <Filter>Header Files</Filter>
    </ClInclude>
    <ClInclude Include="C:\Users\Виктория\Desktop\mp2-2024-lab5-tables\include\polynomial.h">
      <Filter>Header Files</Filter>
    </ClInclude>
    <ClInclude Include="..\include\sortedArrayTable.h">
      <Filter>Header Files</Filter>
    </ClInclude>
    <ClInclude Include="..\include\table.h">
      <Filter>Header Files</Filter>
    </ClInclude>
    <ClInclude Include="..\include\myvector.h">
      <Filter>Header Files</Filter>
    </ClInclude>
    <ClInclude Include="..\include\arrayTable.h">
      <Filter>Header Files</Filter>
    </ClInclude>
    <ClInclude Include="..\include\hashTable.h">
      <Filter>Header Files</Filter>
    </ClInclude>
    <ClInclude Include="..\include\binaryTreeTable.h">
      <Filter>Header Files</Filter>
    </ClInclude>
  </ItemGroup>
  <ItemGroup>
    <CustomBuild Include="C:\Users\Виктория\Desktop\mp2-2024-lab5-tables\samples\CMakeLists.txt" />
  </ItemGroup>
  <ItemGroup>
    <Filter Include="Header Files">
      <UniqueIdentifier>{AB1C8248-363B-36D1-A3E2-02F77EEC7F58}</UniqueIdentifier>
    </Filter>
    <Filter Include="Source Files">
      <UniqueIdentifier>{4180AFAF-7666-37DF-A922-BCF380830123}</UniqueIdentifier>
    </Filter>
  </ItemGroup>
</Project>